// !$*UTF8*$!
{
	archiveVersion = 1;
	classes = {
	};
	objectVersion = 46;
	objects = {

/* Begin PBXBuildFile section */
		528F483A1D7472C900AA3177 /* AppDelegate.swift in Sources */ = {isa = PBXBuildFile; fileRef = 528F48391D7472C900AA3177 /* AppDelegate.swift */; };
		528F483C1D7472C900AA3177 /* ViewController.swift in Sources */ = {isa = PBXBuildFile; fileRef = 528F483B1D7472C900AA3177 /* ViewController.swift */; };
		528F483F1D7472C900AA3177 /* Main.storyboard in Resources */ = {isa = PBXBuildFile; fileRef = 528F483D1D7472C900AA3177 /* Main.storyboard */; };
		528F48411D7472C900AA3177 /* Assets.xcassets in Resources */ = {isa = PBXBuildFile; fileRef = 528F48401D7472C900AA3177 /* Assets.xcassets */; };
		528F48441D7472C900AA3177 /* LaunchScreen.storyboard in Resources */ = {isa = PBXBuildFile; fileRef = 528F48421D7472C900AA3177 /* LaunchScreen.storyboard */; };
		528F484F1D7472C900AA3177 /* HelloWorldUsingSingleViewTests.swift in Sources */ = {isa = PBXBuildFile; fileRef = 528F484E1D7472C900AA3177 /* HelloWorldUsingSingleViewTests.swift */; };
		528F485A1D7472C900AA3177 /* HelloWorldUsingSingleViewUITests.swift in Sources */ = {isa = PBXBuildFile; fileRef = 528F48591D7472C900AA3177 /* HelloWorldUsingSingleViewUITests.swift */; };
/* End PBXBuildFile section */

/* Begin PBXContainerItemProxy section */
		528F484B1D7472C900AA3177 /* PBXContainerItemProxy */ = {
			isa = PBXContainerItemProxy;
			containerPortal = 528F482E1D7472C900AA3177 /* Project object */;
			proxyType = 1;
			remoteGlobalIDString = 528F48351D7472C900AA3177;
			remoteInfo = HelloWorldUsingSingleView;
		};
		528F48561D7472C900AA3177 /* PBXContainerItemProxy */ = {
			isa = PBXContainerItemProxy;
			containerPortal = 528F482E1D7472C900AA3177 /* Project object */;
			proxyType = 1;
			remoteGlobalIDString = 528F48351D7472C900AA3177;
			remoteInfo = HelloWorldUsingSingleView;
		};
/* End PBXContainerItemProxy section */

/* Begin PBXFileReference section */
		528F48361D7472C900AA3177 /* HelloWorldUsingSingleView.app */ = {isa = PBXFileReference; explicitFileType = wrapper.application; includeInIndex = 0; path = HelloWorldUsingSingleView.app; sourceTree = BUILT_PRODUCTS_DIR; };
		528F48391D7472C900AA3177 /* AppDelegate.swift */ = {isa = PBXFileReference; lastKnownFileType = sourcecode.swift; path = AppDelegate.swift; sourceTree = "<group>"; };
		528F483B1D7472C900AA3177 /* ViewController.swift */ = {isa = PBXFileReference; lastKnownFileType = sourcecode.swift; path = ViewController.swift; sourceTree = "<group>"; };
		528F483E1D7472C900AA3177 /* Base */ = {isa = PBXFileReference; lastKnownFileType = file.storyboard; name = Base; path = Base.lproj/Main.storyboard; sourceTree = "<group>"; };
		528F48401D7472C900AA3177 /* Assets.xcassets */ = {isa = PBXFileReference; lastKnownFileType = folder.assetcatalog; path = Assets.xcassets; sourceTree = "<group>"; };
		528F48431D7472C900AA3177 /* Base */ = {isa = PBXFileReference; lastKnownFileType = file.storyboard; name = Base; path = Base.lproj/LaunchScreen.storyboard; sourceTree = "<group>"; };
		528F48451D7472C900AA3177 /* Info.plist */ = {isa = PBXFileReference; lastKnownFileType = text.plist.xml; path = Info.plist; sourceTree = "<group>"; };
		528F484A1D7472C900AA3177 /* HelloWorldUsingSingleViewTests.xctest */ = {isa = PBXFileReference; explicitFileType = wrapper.cfbundle; includeInIndex = 0; path = HelloWorldUsingSingleViewTests.xctest; sourceTree = BUILT_PRODUCTS_DIR; };
		528F484E1D7472C900AA3177 /* HelloWorldUsingSingleViewTests.swift */ = {isa = PBXFileReference; lastKnownFileType = sourcecode.swift; path = HelloWorldUsingSingleViewTests.swift; sourceTree = "<group>"; };
		528F48501D7472C900AA3177 /* Info.plist */ = {isa = PBXFileReference; lastKnownFileType = text.plist.xml; path = Info.plist; sourceTree = "<group>"; };
		528F48551D7472C900AA3177 /* HelloWorldUsingSingleViewUITests.xctest */ = {isa = PBXFileReference; explicitFileType = wrapper.cfbundle; includeInIndex = 0; path = HelloWorldUsingSingleViewUITests.xctest; sourceTree = BUILT_PRODUCTS_DIR; };
		528F48591D7472C900AA3177 /* HelloWorldUsingSingleViewUITests.swift */ = {isa = PBXFileReference; lastKnownFileType = sourcecode.swift; path = HelloWorldUsingSingleViewUITests.swift; sourceTree = "<group>"; };
		528F485B1D7472C900AA3177 /* Info.plist */ = {isa = PBXFileReference; lastKnownFileType = text.plist.xml; path = Info.plist; sourceTree = "<group>"; };
/* End PBXFileReference section */

/* Begin PBXFrameworksBuildPhase section */
		528F48331D7472C900AA3177 /* Frameworks */ = {
			isa = PBXFrameworksBuildPhase;
			buildActionMask = 2147483647;
			files = (
			);
			runOnlyForDeploymentPostprocessing = 0;
		};
		528F48471D7472C900AA3177 /* Frameworks */ = {
			isa = PBXFrameworksBuildPhase;
			buildActionMask = 2147483647;
			files = (
			);
			runOnlyForDeploymentPostprocessing = 0;
		};
		528F48521D7472C900AA3177 /* Frameworks */ = {
			isa = PBXFrameworksBuildPhase;
			buildActionMask = 2147483647;
			files = (
			);
			runOnlyForDeploymentPostprocessing = 0;
		};
/* End PBXFrameworksBuildPhase section */

/* Begin PBXGroup section */
		528F482D1D7472C900AA3177 = {
			isa = PBXGroup;
			children = (
				528F48381D7472C900AA3177 /* HelloWorldUsingSingleView */,
				528F484D1D7472C900AA3177 /* HelloWorldUsingSingleViewTests */,
				528F48581D7472C900AA3177 /* HelloWorldUsingSingleViewUITests */,
				528F48371D7472C900AA3177 /* Products */,
			);
			sourceTree = "<group>";
		};
		528F48371D7472C900AA3177 /* Products */ = {
			isa = PBXGroup;
			children = (
				528F48361D7472C900AA3177 /* HelloWorldUsingSingleView.app */,
				528F484A1D7472C900AA3177 /* HelloWorldUsingSingleViewTests.xctest */,
				528F48551D7472C900AA3177 /* HelloWorldUsingSingleViewUITests.xctest */,
			);
			name = Products;
			sourceTree = "<group>";
		};
		528F48381D7472C900AA3177 /* HelloWorldUsingSingleView */ = {
			isa = PBXGroup;
			children = (
				528F48391D7472C900AA3177 /* AppDelegate.swift */,
				528F483B1D7472C900AA3177 /* ViewController.swift */,
				528F483D1D7472C900AA3177 /* Main.storyboard */,
				528F48401D7472C900AA3177 /* Assets.xcassets */,
				528F48421D7472C900AA3177 /* LaunchScreen.storyboard */,
				528F48451D7472C900AA3177 /* Info.plist */,
			);
			path = HelloWorldUsingSingleView;
			sourceTree = "<group>";
		};
		528F484D1D7472C900AA3177 /* HelloWorldUsingSingleViewTests */ = {
			isa = PBXGroup;
			children = (
				528F484E1D7472C900AA3177 /* HelloWorldUsingSingleViewTests.swift */,
				528F48501D7472C900AA3177 /* Info.plist */,
			);
			path = HelloWorldUsingSingleViewTests;
			sourceTree = "<group>";
		};
		528F48581D7472C900AA3177 /* HelloWorldUsingSingleViewUITests */ = {
			isa = PBXGroup;
			children = (
				528F48591D7472C900AA3177 /* HelloWorldUsingSingleViewUITests.swift */,
				528F485B1D7472C900AA3177 /* Info.plist */,
			);
			path = HelloWorldUsingSingleViewUITests;
			sourceTree = "<group>";
		};
/* End PBXGroup section */

/* Begin PBXNativeTarget section */
		528F48351D7472C900AA3177 /* HelloWorldUsingSingleView */ = {
			isa = PBXNativeTarget;
			buildConfigurationList = 528F485E1D7472C900AA3177 /* Build configuration list for PBXNativeTarget "HelloWorldUsingSingleView" */;
			buildPhases = (
				528F48321D7472C900AA3177 /* Sources */,
				528F48331D7472C900AA3177 /* Frameworks */,
				528F48341D7472C900AA3177 /* Resources */,
			);
			buildRules = (
			);
			dependencies = (
			);
			name = HelloWorldUsingSingleView;
			productName = HelloWorldUsingSingleView;
			productReference = 528F48361D7472C900AA3177 /* HelloWorldUsingSingleView.app */;
			productType = "com.apple.product-type.application";
		};
		528F48491D7472C900AA3177 /* HelloWorldUsingSingleViewTests */ = {
			isa = PBXNativeTarget;
			buildConfigurationList = 528F48611D7472C900AA3177 /* Build configuration list for PBXNativeTarget "HelloWorldUsingSingleViewTests" */;
			buildPhases = (
				528F48461D7472C900AA3177 /* Sources */,
				528F48471D7472C900AA3177 /* Frameworks */,
				528F48481D7472C900AA3177 /* Resources */,
			);
			buildRules = (
			);
			dependencies = (
				528F484C1D7472C900AA3177 /* PBXTargetDependency */,
			);
			name = HelloWorldUsingSingleViewTests;
			productName = HelloWorldUsingSingleViewTests;
			productReference = 528F484A1D7472C900AA3177 /* HelloWorldUsingSingleViewTests.xctest */;
			productType = "com.apple.product-type.bundle.unit-test";
		};
		528F48541D7472C900AA3177 /* HelloWorldUsingSingleViewUITests */ = {
			isa = PBXNativeTarget;
			buildConfigurationList = 528F48641D7472C900AA3177 /* Build configuration list for PBXNativeTarget "HelloWorldUsingSingleViewUITests" */;
			buildPhases = (
				528F48511D7472C900AA3177 /* Sources */,
				528F48521D7472C900AA3177 /* Frameworks */,
				528F48531D7472C900AA3177 /* Resources */,
			);
			buildRules = (
			);
			dependencies = (
				528F48571D7472C900AA3177 /* PBXTargetDependency */,
			);
			name = HelloWorldUsingSingleViewUITests;
			productName = HelloWorldUsingSingleViewUITests;
			productReference = 528F48551D7472C900AA3177 /* HelloWorldUsingSingleViewUITests.xctest */;
			productType = "com.apple.product-type.bundle.ui-testing";
		};
/* End PBXNativeTarget section */

/* Begin PBXProject section */
		528F482E1D7472C900AA3177 /* Project object */ = {
			isa = PBXProject;
			attributes = {
				LastSwiftUpdateCheck = 0730;
				LastUpgradeCheck = 0730;
				ORGANIZATIONNAME = com.NeoRays;
				TargetAttributes = {
					528F48351D7472C900AA3177 = {
						CreatedOnToolsVersion = 7.3;
					};
					528F48491D7472C900AA3177 = {
						CreatedOnToolsVersion = 7.3;
						TestTargetID = 528F48351D7472C900AA3177;
					};
					528F48541D7472C900AA3177 = {
						CreatedOnToolsVersion = 7.3;
						TestTargetID = 528F48351D7472C900AA3177;
					};
				};
			};
			buildConfigurationList = 528F48311D7472C900AA3177 /* Build configuration list for PBXProject "HelloWorldUsingSingleView" */;
			compatibilityVersion = "Xcode 3.2";
			developmentRegion = English;
			hasScannedForEncodings = 0;
			knownRegions = (
				en,
				Base,
			);
			mainGroup = 528F482D1D7472C900AA3177;
			productRefGroup = 528F48371D7472C900AA3177 /* Products */;
			projectDirPath = "";
			projectRoot = "";
			targets = (
				528F48351D7472C900AA3177 /* HelloWorldUsingSingleView */,
				528F48491D7472C900AA3177 /* HelloWorldUsingSingleViewTests */,
				528F48541D7472C900AA3177 /* HelloWorldUsingSingleViewUITests */,
			);
		};
/* End PBXProject section */

/* Begin PBXResourcesBuildPhase section */
		528F48341D7472C900AA3177 /* Resources */ = {
			isa = PBXResourcesBuildPhase;
			buildActionMask = 2147483647;
			files = (
				528F48441D7472C900AA3177 /* LaunchScreen.storyboard in Resources */,
				528F48411D7472C900AA3177 /* Assets.xcassets in Resources */,
				528F483F1D7472C900AA3177 /* Main.storyboard in Resources */,
			);
			runOnlyForDeploymentPostprocessing = 0;
		};
		528F48481D7472C900AA3177 /* Resources */ = {
			isa = PBXResourcesBuildPhase;
			buildActionMask = 2147483647;
			files = (
			);
			runOnlyForDeploymentPostprocessing = 0;
		};
		528F48531D7472C900AA3177 /* Resources */ = {
			isa = PBXResourcesBuildPhase;
			buildActionMask = 2147483647;
			files = (
			);
			runOnlyForDeploymentPostprocessing = 0;
		};
/* End PBXResourcesBuildPhase section */

/* Begin PBXSourcesBuildPhase section */
		528F48321D7472C900AA3177 /* Sources */ = {
			isa = PBXSourcesBuildPhase;
			buildActionMask = 2147483647;
			files = (
				528F483C1D7472C900AA3177 /* ViewController.swift in Sources */,
				528F483A1D7472C900AA3177 /* AppDelegate.swift in Sources */,
			);
			runOnlyForDeploymentPostprocessing = 0;
		};
		528F48461D7472C900AA3177 /* Sources */ = {
			isa = PBXSourcesBuildPhase;
			buildActionMask = 2147483647;
			files = (
				528F484F1D7472C900AA3177 /* HelloWorldUsingSingleViewTests.swift in Sources */,
			);
			runOnlyForDeploymentPostprocessing = 0;
		};
		528F48511D7472C900AA3177 /* Sources */ = {
			isa = PBXSourcesBuildPhase;
			buildActionMask = 2147483647;
			files = (
				528F485A1D7472C900AA3177 /* HelloWorldUsingSingleViewUITests.swift in Sources */,
			);
			runOnlyForDeploymentPostprocessing = 0;
		};
/* End PBXSourcesBuildPhase section */

/* Begin PBXTargetDependency section */
		528F484C1D7472C900AA3177 /* PBXTargetDependency */ = {
			isa = PBXTargetDependency;
			target = 528F48351D7472C900AA3177 /* HelloWorldUsingSingleView */;
			targetProxy = 528F484B1D7472C900AA3177 /* PBXContainerItemProxy */;
		};
		528F48571D7472C900AA3177 /* PBXTargetDependency */ = {
			isa = PBXTargetDependency;
			target = 528F48351D7472C900AA3177 /* HelloWorldUsingSingleView */;
			targetProxy = 528F48561D7472C900AA3177 /* PBXContainerItemProxy */;
		};
/* End PBXTargetDependency section */

/* Begin PBXVariantGroup section */
		528F483D1D7472C900AA3177 /* Main.storyboard */ = {
			isa = PBXVariantGroup;
			children = (
				528F483E1D7472C900AA3177 /* Base */,
			);
			name = Main.storyboard;
			sourceTree = "<group>";
		};
		528F48421D7472C900AA3177 /* LaunchScreen.storyboard */ = {
			isa = PBXVariantGroup;
			children = (
				528F48431D7472C900AA3177 /* Base */,
			);
			name = LaunchScreen.storyboard;
			sourceTree = "<group>";
		};
/* End PBXVariantGroup section */

/* Begin XCBuildConfiguration section */
		528F485C1D7472C900AA3177 /* Debug */ = {
			isa = XCBuildConfiguration;
			buildSettings = {
				ALWAYS_SEARCH_USER_PATHS = NO;
				CLANG_ANALYZER_NONNULL = YES;
				CLANG_CXX_LANGUAGE_STANDARD = "gnu++0x";
				CLANG_CXX_LIBRARY = "libc++";
				CLANG_ENABLE_MODULES = YES;
				CLANG_ENABLE_OBJC_ARC = YES;
				CLANG_WARN_BOOL_CONVERSION = YES;
				CLANG_WARN_CONSTANT_CONVERSION = YES;
				CLANG_WARN_DIRECT_OBJC_ISA_USAGE = YES_ERROR;
				CLANG_WARN_EMPTY_BODY = YES;
				CLANG_WARN_ENUM_CONVERSION = YES;
				CLANG_WARN_INT_CONVERSION = YES;
				CLANG_WARN_OBJC_ROOT_CLASS = YES_ERROR;
				CLANG_WARN_UNREACHABLE_CODE = YES;
				CLANG_WARN__DUPLICATE_METHOD_MATCH = YES;
				"CODE_SIGN_IDENTITY[sdk=iphoneos*]" = "iPhone Developer";
				COPY_PHASE_STRIP = NO;
				DEBUG_INFORMATION_FORMAT = dwarf;
				ENABLE_STRICT_OBJC_MSGSEND = YES;
				ENABLE_TESTABILITY = YES;
				GCC_C_LANGUAGE_STANDARD = gnu99;
				GCC_DYNAMIC_NO_PIC = NO;
				GCC_NO_COMMON_BLOCKS = YES;
				GCC_OPTIMIZATION_LEVEL = 0;
				GCC_PREPROCESSOR_DEFINITIONS = (
					"DEBUG=1",
					"$(inherited)",
				);
				GCC_WARN_64_TO_32_BIT_CONVERSION = YES;
				GCC_WARN_ABOUT_RETURN_TYPE = YES_ERROR;
				GCC_WARN_UNDECLARED_SELECTOR = YES;
				GCC_WARN_UNINITIALIZED_AUTOS = YES_AGGRESSIVE;
				GCC_WARN_UNUSED_FUNCTION = YES;
				GCC_WARN_UNUSED_VARIABLE = YES;
				IPHONEOS_DEPLOYMENT_TARGET = 9.3;
				MTL_ENABLE_DEBUG_INFO = YES;
				ONLY_ACTIVE_ARCH = YES;
				SDKROOT = iphoneos;
				SWIFT_OPTIMIZATION_LEVEL = "-Onone";
				TARGETED_DEVICE_FAMILY = "1,2";
			};
			name = Debug;
		};
		528F485D1D7472C900AA3177 /* Release */ = {
			isa = XCBuildConfiguration;
			buildSettings = {
				ALWAYS_SEARCH_USER_PATHS = NO;
				CLANG_ANALYZER_NONNULL = YES;
				CLANG_CXX_LANGUAGE_STANDARD = "gnu++0x";
				CLANG_CXX_LIBRARY = "libc++";
				CLANG_ENABLE_MODULES = YES;
				CLANG_ENABLE_OBJC_ARC = YES;
				CLANG_WARN_BOOL_CONVERSION = YES;
				CLANG_WARN_CONSTANT_CONVERSION = YES;
				CLANG_WARN_DIRECT_OBJC_ISA_USAGE = YES_ERROR;
				CLANG_WARN_EMPTY_BODY = YES;
				CLANG_WARN_ENUM_CONVERSION = YES;
				CLANG_WARN_INT_CONVERSION = YES;
				CLANG_WARN_OBJC_ROOT_CLASS = YES_ERROR;
				CLANG_WARN_UNREACHABLE_CODE = YES;
				CLANG_WARN__DUPLICATE_METHOD_MATCH = YES;
				"CODE_SIGN_IDENTITY[sdk=iphoneos*]" = "iPhone Developer";
				COPY_PHASE_STRIP = NO;
				DEBUG_INFORMATION_FORMAT = "dwarf-with-dsym";
				ENABLE_NS_ASSERTIONS = NO;
				ENABLE_STRICT_OBJC_MSGSEND = YES;
				GCC_C_LANGUAGE_STANDARD = gnu99;
				GCC_NO_COMMON_BLOCKS = YES;
				GCC_WARN_64_TO_32_BIT_CONVERSION = YES;
				GCC_WARN_ABOUT_RETURN_TYPE = YES_ERROR;
				GCC_WARN_UNDECLARED_SELECTOR = YES;
				GCC_WARN_UNINITIALIZED_AUTOS = YES_AGGRESSIVE;
				GCC_WARN_UNUSED_FUNCTION = YES;
				GCC_WARN_UNUSED_VARIABLE = YES;
				IPHONEOS_DEPLOYMENT_TARGET = 9.3;
				MTL_ENABLE_DEBUG_INFO = NO;
				SDKROOT = iphoneos;
				TARGETED_DEVICE_FAMILY = "1,2";
				VALIDATE_PRODUCT = YES;
			};
			name = Release;
		};
		528F485F1D7472C900AA3177 /* Debug */ = {
			isa = XCBuildConfiguration;
			buildSettings = {
				ASSETCATALOG_COMPILER_APPICON_NAME = AppIcon;
				INFOPLIST_FILE = HelloWorldUsingSingleView/Info.plist;
				LD_RUNPATH_SEARCH_PATHS = "$(inherited) @executable_path/Frameworks";
				PRODUCT_BUNDLE_IDENTIFIER = Mahaboob.HelloWorldUsingSingleView;
				PRODUCT_NAME = "$(TARGET_NAME)";
			};
			name = Debug;
		};
		528F48601D7472C900AA3177 /* Release */ = {
			isa = XCBuildConfiguration;
			buildSettings = {
				ASSETCATALOG_COMPILER_APPICON_NAME = AppIcon;
				INFOPLIST_FILE = HelloWorldUsingSingleView/Info.plist;
				LD_RUNPATH_SEARCH_PATHS = "$(inherited) @executable_path/Frameworks";
				PRODUCT_BUNDLE_IDENTIFIER = Mahaboob.HelloWorldUsingSingleView;
				PRODUCT_NAME = "$(TARGET_NAME)";
			};
			name = Release;
		};
		528F48621D7472C900AA3177 /* Debug */ = {
			isa = XCBuildConfiguration;
			buildSettings = {
				BUNDLE_LOADER = "$(TEST_HOST)";
				INFOPLIST_FILE = HelloWorldUsingSingleViewTests/Info.plist;
				LD_RUNPATH_SEARCH_PATHS = "$(inherited) @executable_path/Frameworks @loader_path/Frameworks";
				PRODUCT_BUNDLE_IDENTIFIER = Mahaboob.HelloWorldUsingSingleViewTests;
				PRODUCT_NAME = "$(TARGET_NAME)";
				TEST_HOST = "$(BUILT_PRODUCTS_DIR)/HelloWorldUsingSingleView.app/HelloWorldUsingSingleView";
			};
			name = Debug;
		};
		528F48631D7472C900AA3177 /* Release */ = {
			isa = XCBuildConfiguration;
			buildSettings = {
				BUNDLE_LOADER = "$(TEST_HOST)";
				INFOPLIST_FILE = HelloWorldUsingSingleViewTests/Info.plist;
				LD_RUNPATH_SEARCH_PATHS = "$(inherited) @executable_path/Frameworks @loader_path/Frameworks";
				PRODUCT_BUNDLE_IDENTIFIER = Mahaboob.HelloWorldUsingSingleViewTests;
				PRODUCT_NAME = "$(TARGET_NAME)";
				TEST_HOST = "$(BUILT_PRODUCTS_DIR)/HelloWorldUsingSingleView.app/HelloWorldUsingSingleView";
			};
			name = Release;
		};
		528F48651D7472C900AA3177 /* Debug */ = {
			isa = XCBuildConfiguration;
			buildSettings = {
				INFOPLIST_FILE = HelloWorldUsingSingleViewUITests/Info.plist;
				LD_RUNPATH_SEARCH_PATHS = "$(inherited) @executable_path/Frameworks @loader_path/Frameworks";
				PRODUCT_BUNDLE_IDENTIFIER = Mahaboob.HelloWorldUsingSingleViewUITests;
				PRODUCT_NAME = "$(TARGET_NAME)";
				TEST_TARGET_NAME = HelloWorldUsingSingleView;
			};
			name = Debug;
		};
		528F48661D7472C900AA3177 /* Release */ = {
			isa = XCBuildConfiguration;
			buildSettings = {
				INFOPLIST_FILE = HelloWorldUsingSingleViewUITests/Info.plist;
				LD_RUNPATH_SEARCH_PATHS = "$(inherited) @executable_path/Frameworks @loader_path/Frameworks";
				PRODUCT_BUNDLE_IDENTIFIER = Mahaboob.HelloWorldUsingSingleViewUITests;
				PRODUCT_NAME = "$(TARGET_NAME)";
				TEST_TARGET_NAME = HelloWorldUsingSingleView;
			};
			name = Release;
		};
/* End XCBuildConfiguration section */

/* Begin XCConfigurationList section */
		528F48311D7472C900AA3177 /* Build configuration list for PBXProject "HelloWorldUsingSingleView" */ = {
			isa = XCConfigurationList;
			buildConfigurations = (
				528F485C1D7472C900AA3177 /* Debug */,
				528F485D1D7472C900AA3177 /* Release */,
			);
			defaultConfigurationIsVisible = 0;
			defaultConfigurationName = Release;
		};
		528F485E1D7472C900AA3177 /* Build configuration list for PBXNativeTarget "HelloWorldUsingSingleView" */ = {
			isa = XCConfigurationList;
			buildConfigurations = (
				528F485F1D7472C900AA3177 /* Debug */,
				528F48601D7472C900AA3177 /* Release */,
			);
			defaultConfigurationIsVisible = 0;
		};
		528F48611D7472C900AA3177 /* Build configuration list for PBXNativeTarget "HelloWorldUsingSingleViewTests" */ = {
			isa = XCConfigurationList;
			buildConfigurations = (
				528F48621D7472C900AA3177 /* Debug */,
				528F48631D7472C900AA3177 /* Release */,
			);
			defaultConfigurationIsVisible = 0;
		};
		528F48641D7472C900AA3177 /* Build configuration list for PBXNativeTarget "HelloWorldUsingSingleViewUITests" */ = {
			isa = XCConfigurationList;
			buildConfigurations = (
				528F48651D7472C900AA3177 /* Debug */,
				528F48661D7472C900AA3177 /* Release */,
			);
			defaultConfigurationIsVisible = 0;
		};
/* End XCConfigurationList section */
	};
	rootObject = 528F482E1D7472C900AA3177 /* Project object */;
}
